
Microsoft Visual Studio Solution File, Format Version 12.00
# Visual Studio Version 16
VisualStudioVersion = 16.0.29519.87
MinimumVisualStudioVersion = 10.0.40219.1
Project("{FAE04EC0-301F-11D3-BF4B-00C04F79EFBC}") = "AgendamentoServico", "AgendamentoServico\AgendamentoServico.csproj", "{107BAFBC-7354-47B7-8E37-22C0E016E377}"
EndProject
Global
	GlobalSection(SolutionConfigurationPlatforms) = preSolution
		Debug|Any CPU = Debug|Any CPU
		Release|Any CPU = Release|Any CPU
	EndGlobalSection
	GlobalSection(ProjectConfigurationPlatforms) = postSolution
		{107BAFBC-7354-47B7-8E37-22C0E016E377}.Debug|Any CPU.ActiveCfg = Debug|Any CPU
		{107BAFBC-7354-47B7-8E37-22C0E016E377}.Debug|Any CPU.Build.0 = Debug|Any CPU
		{107BAFBC-7354-47B7-8E37-22C0E016E377}.Release|Any CPU.ActiveCfg = Release|Any CPU
		{107BAFBC-7354-47B7-8E37-22C0E016E377}.Release|Any CPU.Build.0 = Release|Any CPU
	EndGlobalSection
	GlobalSection(SolutionProperties) = preSolution
		HideSolutionNode = FALSE
	EndGlobalSection
	GlobalSection(ExtensibilityGlobals) = postSolution
		SolutionGuid = {5778544C-CDBB-4CC1-B87F-C92CB08F8062}
	EndGlobalSection
EndGlobal
